// !$*UTF8*$!
{
	archiveVersion = 1;
	classes = {
	};
	objectVersion = 50;
	objects = {

/* Begin PBXBuildFile section */
		C7BD5B3621C807A400CD3111 /* WebViewController.swift in Sources */ = {isa = PBXBuildFile; fileRef = C7BD5B3521C807A400CD3111 /* WebViewController.swift */; };
		C7DACC4921C7596800DA5884 /* MovieService.swift in Sources */ = {isa = PBXBuildFile; fileRef = C7DACC4821C7596800DA5884 /* MovieService.swift */; };
		C7E424FA21C74EF4001FE2BC /* AppDelegate.swift in Sources */ = {isa = PBXBuildFile; fileRef = C7E424F921C74EF4001FE2BC /* AppDelegate.swift */; };
		C7E424FC21C74EF4001FE2BC /* MasterViewController.swift in Sources */ = {isa = PBXBuildFile; fileRef = C7E424FB21C74EF4001FE2BC /* MasterViewController.swift */; };
		C7E424FE21C74EF4001FE2BC /* DetailViewController.swift in Sources */ = {isa = PBXBuildFile; fileRef = C7E424FD21C74EF4001FE2BC /* DetailViewController.swift */; };
		C7E4250121C74EF4001FE2BC /* Main.storyboard in Resources */ = {isa = PBXBuildFile; fileRef = C7E424FF21C74EF4001FE2BC /* Main.storyboard */; };
		C7E4250321C74EF6001FE2BC /* Assets.xcassets in Resources */ = {isa = PBXBuildFile; fileRef = C7E4250221C74EF6001FE2BC /* Assets.xcassets */; };
		C7E4250621C74EF6001FE2BC /* LaunchScreen.storyboard in Resources */ = {isa = PBXBuildFile; fileRef = C7E4250421C74EF6001FE2BC /* LaunchScreen.storyboard */; };
/* End PBXBuildFile section */

/* Begin PBXFileReference section */
		C7BD5B3521C807A400CD3111 /* WebViewController.swift */ = {isa = PBXFileReference; lastKnownFileType = sourcecode.swift; path = WebViewController.swift; sourceTree = "<group>"; };
		C7DACC4821C7596800DA5884 /* MovieService.swift */ = {isa = PBXFileReference; lastKnownFileType = sourcecode.swift; path = MovieService.swift; sourceTree = "<group>"; };
		C7E424F621C74EF4001FE2BC /* Ghibli Film Directory.app */ = {isa = PBXFileReference; explicitFileType = wrapper.application; includeInIndex = 0; path = "Ghibli Film Directory.app"; sourceTree = BUILT_PRODUCTS_DIR; };
		C7E424F921C74EF4001FE2BC /* AppDelegate.swift */ = {isa = PBXFileReference; lastKnownFileType = sourcecode.swift; path = AppDelegate.swift; sourceTree = "<group>"; };
		C7E424FB21C74EF4001FE2BC /* MasterViewController.swift */ = {isa = PBXFileReference; lastKnownFileType = sourcecode.swift; path = MasterViewController.swift; sourceTree = "<group>"; };
		C7E424FD21C74EF4001FE2BC /* DetailViewController.swift */ = {isa = PBXFileReference; lastKnownFileType = sourcecode.swift; path = DetailViewController.swift; sourceTree = "<group>"; };
		C7E4250021C74EF4001FE2BC /* Base */ = {isa = PBXFileReference; lastKnownFileType = file.storyboard; name = Base; path = Base.lproj/Main.storyboard; sourceTree = "<group>"; };
		C7E4250221C74EF6001FE2BC /* Assets.xcassets */ = {isa = PBXFileReference; lastKnownFileType = folder.assetcatalog; path = Assets.xcassets; sourceTree = "<group>"; };
		C7E4250521C74EF6001FE2BC /* Base */ = {isa = PBXFileReference; lastKnownFileType = file.storyboard; name = Base; path = Base.lproj/LaunchScreen.storyboard; sourceTree = "<group>"; };
		C7E4250721C74EF6001FE2BC /* Info.plist */ = {isa = PBXFileReference; lastKnownFileType = text.plist.xml; path = Info.plist; sourceTree = "<group>"; };
/* End PBXFileReference section */

/* Begin PBXFrameworksBuildPhase section */
		C7E424F321C74EF4001FE2BC /* Frameworks */ = {
			isa = PBXFrameworksBuildPhase;
			buildActionMask = 2147483647;
			files = (
			);
			runOnlyForDeploymentPostprocessing = 0;
		};
/* End PBXFrameworksBuildPhase section */

/* Begin PBXGroup section */
		C7E424ED21C74EF4001FE2BC = {
			isa = PBXGroup;
			children = (
				C7E424F821C74EF4001FE2BC /* Ghibli Film Directory */,
				C7E424F721C74EF4001FE2BC /* Products */,
			);
			sourceTree = "<group>";
		};
		C7E424F721C74EF4001FE2BC /* Products */ = {
			isa = PBXGroup;
			children = (
				C7E424F621C74EF4001FE2BC /* Ghibli Film Directory.app */,
			);
			name = Products;
			sourceTree = "<group>";
		};
		C7E424F821C74EF4001FE2BC /* Ghibli Film Directory */ = {
			isa = PBXGroup;
			children = (
				C7E424F921C74EF4001FE2BC /* AppDelegate.swift */,
				C7E424FB21C74EF4001FE2BC /* MasterViewController.swift */,
				C7E424FD21C74EF4001FE2BC /* DetailViewController.swift */,
				C7BD5B3521C807A400CD3111 /* WebViewController.swift */,
				C7E424FF21C74EF4001FE2BC /* Main.storyboard */,
				C7E4250221C74EF6001FE2BC /* Assets.xcassets */,
				C7E4250421C74EF6001FE2BC /* LaunchScreen.storyboard */,
				C7E4250721C74EF6001FE2BC /* Info.plist */,
				C7DACC4821C7596800DA5884 /* MovieService.swift */,
			);
			path = "Ghibli Film Directory";
			sourceTree = "<group>";
		};
/* End PBXGroup section */

/* Begin PBXNativeTarget section */
		C7E424F521C74EF4001FE2BC /* Ghibli Film Directory */ = {
			isa = PBXNativeTarget;
			buildConfigurationList = C7E4250A21C74EF6001FE2BC /* Build configuration list for PBXNativeTarget "Ghibli Film Directory" */;
			buildPhases = (
				C7E424F221C74EF4001FE2BC /* Sources */,
				C7E424F321C74EF4001FE2BC /* Frameworks */,
				C7E424F421C74EF4001FE2BC /* Resources */,
			);
			buildRules = (
			);
			dependencies = (
			);
			name = "Ghibli Film Directory";
			productName = "Ghibli Film Directory";
			productReference = C7E424F621C74EF4001FE2BC /* Ghibli Film Directory.app */;
			productType = "com.apple.product-type.application";
		};
/* End PBXNativeTarget section */

/* Begin PBXProject section */
		C7E424EE21C74EF4001FE2BC /* Project object */ = {
			isa = PBXProject;
			attributes = {
				LastSwiftUpdateCheck = 1010;
				LastUpgradeCheck = 1010;
				ORGANIZATIONNAME = "Ravneet Singh";
				TargetAttributes = {
					C7E424F521C74EF4001FE2BC = {
						CreatedOnToolsVersion = 10.1;
					};
				};
			};
			buildConfigurationList = C7E424F121C74EF4001FE2BC /* Build configuration list for PBXProject "Ghibli Film Directory" */;
			compatibilityVersion = "Xcode 9.3";
			developmentRegion = en;
			hasScannedForEncodings = 0;
			knownRegions = (
				en,
				Base,
			);
			mainGroup = C7E424ED21C74EF4001FE2BC;
			productRefGroup = C7E424F721C74EF4001FE2BC /* Products */;
			projectDirPath = "";
			projectRoot = "";
			targets = (
				C7E424F521C74EF4001FE2BC /* Ghibli Film Directory */,
			);
		};
/* End PBXProject section */

/* Begin PBXResourcesBuildPhase section */
		C7E424F421C74EF4001FE2BC /* Resources */ = {
			isa = PBXResourcesBuildPhase;
			buildActionMask = 2147483647;
			files = (
				C7E4250621C74EF6001FE2BC /* LaunchScreen.storyboard in Resources */,
				C7E4250321C74EF6001FE2BC /* Assets.xcassets in Resources */,
				C7E4250121C74EF4001FE2BC /* Main.storyboard in Resources */,
			);
			runOnlyForDeploymentPostprocessing = 0;
		};
/* End PBXResourcesBuildPhase section */

/* Begin PBXSourcesBuildPhase section */
		C7E424F221C74EF4001FE2BC /* Sources */ = {
			isa = PBXSourcesBuildPhase;
			buildActionMask = 2147483647;
			files = (
				C7E424FE21C74EF4001FE2BC /* DetailViewController.swift in Sources */,
				C7E424FC21C74EF4001FE2BC /* MasterViewController.swift in Sources */,
				C7DACC4921C7596800DA5884 /* MovieService.swift in Sources */,
				C7E424FA21C74EF4001FE2BC /* AppDelegate.swift in Sources */,
				C7BD5B3621C807A400CD3111 /* WebViewController.swift in Sources */,
			);
			runOnlyForDeploymentPostprocessing = 0;
		};
/* End PBXSourcesBuildPhase section */

/* Begin PBXVariantGroup section */
		C7E424FF21C74EF4001FE2BC /* Main.storyboard */ = {
			isa = PBXVariantGroup;
			children = (
				C7E4250021C74EF4001FE2BC /* Base */,
			);
			name = Main.storyboard;
			sourceTree = "<group>";
		};
		C7E4250421C74EF6001FE2BC /* LaunchScreen.storyboard */ = {
			isa = PBXVariantGroup;
			children = (
				C7E4250521C74EF6001FE2BC /* Base */,
			);
			name = LaunchScreen.storyboard;
			sourceTree = "<group>";
		};
/* End PBXVariantGroup section */

/* Begin XCBuildConfiguration section */
		C7E4250821C74EF6001FE2BC /* Debug */ = {
			isa = XCBuildConfiguration;
			buildSettings = {
				ALWAYS_SEARCH_USER_PATHS = NO;
				CLANG_ANALYZER_NONNULL = YES;
				CLANG_ANALYZER_NUMBER_OBJECT_CONVERSION = YES_AGGRESSIVE;
				CLANG_CXX_LANGUAGE_STANDARD = "gnu++14";
				CLANG_CXX_LIBRARY = "libc++";
				CLANG_ENABLE_MODULES = YES;
				CLANG_ENABLE_OBJC_ARC = YES;
				CLANG_ENABLE_OBJC_WEAK = YES;
				CLANG_WARN_BLOCK_CAPTURE_AUTORELEASING = YES;
				CLANG_WARN_BOOL_CONVERSION = YES;
				CLANG_WARN_COMMA = YES;
				CLANG_WARN_CONSTANT_CONVERSION = YES;
				CLANG_WARN_DEPRECATED_OBJC_IMPLEMENTATIONS = YES;
				CLANG_WARN_DIRECT_OBJC_ISA_USAGE = YES_ERROR;
				CLANG_WARN_DOCUMENTATION_COMMENTS = YES;
				CLANG_WARN_EMPTY_BODY = YES;
				CLANG_WARN_ENUM_CONVERSION = YES;
				CLANG_WARN_INFINITE_RECURSION = YES;
				CLANG_WARN_INT_CONVERSION = YES;
				CLANG_WARN_NON_LITERAL_NULL_CONVERSION = YES;
				CLANG_WARN_OBJC_IMPLICIT_RETAIN_SELF = YES;
				CLANG_WARN_OBJC_LITERAL_CONVERSION = YES;
				CLANG_WARN_OBJC_ROOT_CLASS = YES_ERROR;
				CLANG_WARN_RANGE_LOOP_ANALYSIS = YES;
				CLANG_WARN_STRICT_PROTOTYPES = YES;
				CLANG_WARN_SUSPICIOUS_MOVE = YES;
				CLANG_WARN_UNGUARDED_AVAILABILITY = YES_AGGRESSIVE;
				CLANG_WARN_UNREACHABLE_CODE = YES;
				CLANG_WARN__DUPLICATE_METHOD_MATCH = YES;
				CODE_SIGN_IDENTITY = "iPhone Developer";
				COPY_PHASE_STRIP = NO;
				DEBUG_INFORMATION_FORMAT = dwarf;
				ENABLE_STRICT_OBJC_MSGSEND = YES;
				ENABLE_TESTABILITY = YES;
				GCC_C_LANGUAGE_STANDARD = gnu11;
				GCC_DYNAMIC_NO_PIC = NO;
				GCC_NO_COMMON_BLOCKS = YES;
				GCC_OPTIMIZATION_LEVEL = 0;
				GCC_PREPROCESSOR_DEFINITIONS = (
					"DEBUG=1",
					"$(inherited)",
				);
				GCC_WARN_64_TO_32_BIT_CONVERSION = YES;
				GCC_WARN_ABOUT_RETURN_TYPE = YES_ERROR;
				GCC_WARN_UNDECLARED_SELECTOR = YES;
				GCC_WARN_UNINITIALIZED_AUTOS = YES_AGGRESSIVE;
				GCC_WARN_UNUSED_FUNCTION = YES;
				GCC_WARN_UNUSED_VARIABLE = YES;
				IPHONEOS_DEPLOYMENT_TARGET = 12.1;
				MTL_ENABLE_DEBUG_INFO = INCLUDE_SOURCE;
				MTL_FAST_MATH = YES;
				ONLY_ACTIVE_ARCH = YES;
				SDKROOT = iphoneos;
				SWIFT_ACTIVE_COMPILATION_CONDITIONS = DEBUG;
				SWIFT_OPTIMIZATION_LEVEL = "-Onone";
			};
			name = Debug;
		};
		C7E4250921C74EF6001FE2BC /* Release */ = {
			isa = XCBuildConfiguration;
			buildSettings = {
				ALWAYS_SEARCH_USER_PATHS = NO;
				CLANG_ANALYZER_NONNULL = YES;
				CLANG_ANALYZER_NUMBER_OBJECT_CONVERSION = YES_AGGRESSIVE;
				CLANG_CXX_LANGUAGE_STANDARD = "gnu++14";
				CLANG_CXX_LIBRARY = "libc++";
				CLANG_ENABLE_MODULES = YES;
				CLANG_ENABLE_OBJC_ARC = YES;
				CLANG_ENABLE_OBJC_WEAK = YES;
				CLANG_WARN_BLOCK_CAPTURE_AUTORELEASING = YES;
				CLANG_WARN_BOOL_CONVERSION = YES;
				CLANG_WARN_COMMA = YES;
				CLANG_WARN_CONSTANT_CONVERSION = YES;
				CLANG_WARN_DEPRECATED_OBJC_IMPLEMENTATIONS = YES;
				CLANG_WARN_DIRECT_OBJC_ISA_USAGE = YES_ERROR;
				CLANG_WARN_DOCUMENTATION_COMMENTS = YES;
				CLANG_WARN_EMPTY_BODY = YES;
				CLANG_WARN_ENUM_CONVERSION = YES;
				CLANG_WARN_INFINITE_RECURSION = YES;
				CLANG_WARN_INT_CONVERSION = YES;
				CLANG_WARN_NON_LITERAL_NULL_CONVERSION = YES;
				CLANG_WARN_OBJC_IMPLICIT_RETAIN_SELF = YES;
				CLANG_WARN_OBJC_LITERAL_CONVERSION = YES;
				CLANG_WARN_OBJC_ROOT_CLASS = YES_ERROR;
				CLANG_WARN_RANGE_LOOP_ANALYSIS = YES;
				CLANG_WARN_STRICT_PROTOTYPES = YES;
				CLANG_WARN_SUSPICIOUS_MOVE = YES;
				CLANG_WARN_UNGUARDED_AVAILABILITY = YES_AGGRESSIVE;
				CLANG_WARN_UNREACHABLE_CODE = YES;
				CLANG_WARN__DUPLICATE_METHOD_MATCH = YES;
				CODE_SIGN_IDENTITY = "iPhone Developer";
				COPY_PHASE_STRIP = NO;
				DEBUG_INFORMATION_FORMAT = "dwarf-with-dsym";
				ENABLE_NS_ASSERTIONS = NO;
				ENABLE_STRICT_OBJC_MSGSEND = YES;
				GCC_C_LANGUAGE_STANDARD = gnu11;
				GCC_NO_COMMON_BLOCKS = YES;
				GCC_WARN_64_TO_32_BIT_CONVERSION = YES;
				GCC_WARN_ABOUT_RETURN_TYPE = YES_ERROR;
				GCC_WARN_UNDECLARED_SELECTOR = YES;
				GCC_WARN_UNINITIALIZED_AUTOS = YES_AGGRESSIVE;
				GCC_WARN_UNUSED_FUNCTION = YES;
				GCC_WARN_UNUSED_VARIABLE = YES;
				IPHONEOS_DEPLOYMENT_TARGET = 12.1;
				MTL_ENABLE_DEBUG_INFO = NO;
				MTL_FAST_MATH = YES;
				SDKROOT = iphoneos;
				SWIFT_COMPILATION_MODE = wholemodule;
				SWIFT_OPTIMIZATION_LEVEL = "-O";
				VALIDATE_PRODUCT = YES;
			};
			name = Release;
		};
		C7E4250B21C74EF6001FE2BC /* Debug */ = {
			isa = XCBuildConfiguration;
			buildSettings = {
				ASSETCATALOG_COMPILER_APPICON_NAME = AppIcon;
				CODE_SIGN_STYLE = Automatic;
				INFOPLIST_FILE = "Ghibli Film Directory/Info.plist";
				LD_RUNPATH_SEARCH_PATHS = (
					"$(inherited)",
					"@executable_path/Frameworks",
				);
				PRODUCT_BUNDLE_IDENTIFIER = "com.EZcorp.Ghibli-Film-Directory";
				PRODUCT_NAME = "$(TARGET_NAME)";
				SWIFT_VERSION = 4.2;
				TARGETED_DEVICE_FAMILY = "1,2";
			};
			name = Debug;
		};
		C7E4250C21C74EF6001FE2BC /* Release */ = {
			isa = XCBuildConfiguration;
			buildSettings = {
				ASSETCATALOG_COMPILER_APPICON_NAME = AppIcon;
				CODE_SIGN_STYLE = Automatic;
				INFOPLIST_FILE = "Ghibli Film Directory/Info.plist";
				LD_RUNPATH_SEARCH_PATHS = (
					"$(inherited)",
					"@executable_path/Frameworks",
				);
				PRODUCT_BUNDLE_IDENTIFIER = "com.EZcorp.Ghibli-Film-Directory";
				PRODUCT_NAME = "$(TARGET_NAME)";
				SWIFT_VERSION = 4.2;
				TARGETED_DEVICE_FAMILY = "1,2";
			};
			name = Release;
		};
/* End XCBuildConfiguration section */

/* Begin XCConfigurationList section */
		C7E424F121C74EF4001FE2BC /* Build configuration list for PBXProject "Ghibli Film Directory" */ = {
			isa = XCConfigurationList;
			buildConfigurations = (
				C7E4250821C74EF6001FE2BC /* Debug */,
				C7E4250921C74EF6001FE2BC /* Release */,
			);
			defaultConfigurationIsVisible = 0;
			defaultConfigurationName = Release;
		};
		C7E4250A21C74EF6001FE2BC /* Build configuration list for PBXNativeTarget "Ghibli Film Directory" */ = {
			isa = XCConfigurationList;
			buildConfigurations = (
				C7E4250B21C74EF6001FE2BC /* Debug */,
				C7E4250C21C74EF6001FE2BC /* Release */,
			);
			defaultConfigurationIsVisible = 0;
			defaultConfigurationName = Release;
		};
/* End XCConfigurationList section */
	};
	rootObject = C7E424EE21C74EF4001FE2BC /* Project object */;
}
